Microsoft Visual Studio Solution File, Format Version 12.00
# Visual Studio Version 17
VisualStudioVersion = 17.5.2.0
MinimumVisualStudioVersion = 10.0.40219.1
Project("{FAE04EC0-301F-11D3-BF4B-00C04F79EFBC}") = "MealAppAspNet", "MealAppAspNet\MealAppAspNet.csproj", "{20D73E31-520E-E4D6-D826-593A1930CD36}"
EndProject
Global
	GlobalSection(SolutionConfigurationPlatforms) = preSolution
		Debug|Any CPU = Debug|Any CPU
		Release|Any CPU = Release|Any CPU
	EndGlobalSection
	GlobalSection(ProjectConfigurationPlatforms) = postSolution
		{20D73E31-520E-E4D6-D826-593A1930CD36}.Debug|Any CPU.ActiveCfg = Debug|Any CPU
		{20D73E31-520E-E4D6-D826-593A1930CD36}.Debug|Any CPU.Build.0 = Debug|Any CPU
		{20D73E31-520E-E4D6-D826-593A1930CD36}.Release|Any CPU.ActiveCfg = Release|Any CPU
		{20D73E31-520E-E4D6-D826-593A1930CD36}.Release|Any CPU.Build.0 = Release|Any CPU
	EndGlobalSection
	GlobalSection(SolutionProperties) = preSolution
		HideSolutionNode = FALSE
	EndGlobalSection
	GlobalSection(ExtensibilityGlobals) = postSolution
		SolutionGuid = {4232709A-21B6-4DC4-B627-CF7B8019FD47}
	EndGlobalSection
EndGlobal
